
Microsoft Visual Studio Solution File, Format Version 12.00
# Visual Studio 15
VisualStudioVersion = 15.0.28307.102
MinimumVisualStudioVersion = 10.0.40219.1
Project("{FAE04EC0-301F-11D3-BF4B-00C04F79EFBC}") = "26012019", "Ex1\26012019.csproj", "{A71F43C7-4651-41CC-928B-10C8943D0D4E}"
EndProject
Project("{FAE04EC0-301F-11D3-BF4B-00C04F79EFBC}") = "02022019", "02022019\02022019.csproj", "{1CC17D3C-889E-4D74-98B3-44133079F973}"
EndProject
Project("{FAE04EC0-301F-11D3-BF4B-00C04F79EFBC}") = "09022019", "09022019\09022019.csproj", "{22F4827B-9FDA-4A07-8446-BCC5F5D3F0F9}"
EndProject
Project("{FAE04EC0-301F-11D3-BF4B-00C04F79EFBC}") = "23022019", "23022019\23022019.csproj", "{A3AC8713-DC0B-42CB-AED9-478AA5700AEB}"
EndProject
Project("{FAE04EC0-301F-11D3-BF4B-00C04F79EFBC}") = "homework", "homework\homework.csproj", "{A50030E6-0868-44EE-A241-D48BDE8F7266}"
EndProject
Project("{FAE04EC0-301F-11D3-BF4B-00C04F79EFBC}") = "02032019", "02032019\02032019.csproj", "{D8EC1AB2-0B10-4FFE-9BC5-566B84D9FC82}"
EndProject
Project("{FAE04EC0-301F-11D3-BF4B-00C04F79EFBC}") = "09032019", "09032019\09032019.csproj", "{01D564FE-4378-4B90-95DE-7CA2FAB33A84}"
EndProject
Project("{FAE04EC0-301F-11D3-BF4B-00C04F79EFBC}") = "Assigment2", "Assigment2\Assigment2.csproj", "{6EDC7732-1116-4B79-B15E-63633B6EBAE2}"
EndProject
Global
	GlobalSection(SolutionConfigurationPlatforms) = preSolution
		Debug|Any CPU = Debug|Any CPU
		Release|Any CPU = Release|Any CPU
	EndGlobalSection
	GlobalSection(ProjectConfigurationPlatforms) = postSolution
		{A71F43C7-4651-41CC-928B-10C8943D0D4E}.Debug|Any CPU.ActiveCfg = Debug|Any CPU
		{A71F43C7-4651-41CC-928B-10C8943D0D4E}.Debug|Any CPU.Build.0 = Debug|Any CPU
		{A71F43C7-4651-41CC-928B-10C8943D0D4E}.Release|Any CPU.ActiveCfg = Release|Any CPU
		{A71F43C7-4651-41CC-928B-10C8943D0D4E}.Release|Any CPU.Build.0 = Release|Any CPU
		{1CC17D3C-889E-4D74-98B3-44133079F973}.Debug|Any CPU.ActiveCfg = Debug|Any CPU
		{1CC17D3C-889E-4D74-98B3-44133079F973}.Debug|Any CPU.Build.0 = Debug|Any CPU
		{1CC17D3C-889E-4D74-98B3-44133079F973}.Release|Any CPU.ActiveCfg = Release|Any CPU
		{1CC17D3C-889E-4D74-98B3-44133079F973}.Release|Any CPU.Build.0 = Release|Any CPU
		{22F4827B-9FDA-4A07-8446-BCC5F5D3F0F9}.Debug|Any CPU.ActiveCfg = Debug|Any CPU
		{22F4827B-9FDA-4A07-8446-BCC5F5D3F0F9}.Debug|Any CPU.Build.0 = Debug|Any CPU
		{22F4827B-9FDA-4A07-8446-BCC5F5D3F0F9}.Release|Any CPU.ActiveCfg = Release|Any CPU
		{22F4827B-9FDA-4A07-8446-BCC5F5D3F0F9}.Release|Any CPU.Build.0 = Release|Any CPU
		{A3AC8713-DC0B-42CB-AED9-478AA5700AEB}.Debug|Any CPU.ActiveCfg = Debug|Any CPU
		{A3AC8713-DC0B-42CB-AED9-478AA5700AEB}.Debug|Any CPU.Build.0 = Debug|Any CPU
		{A3AC8713-DC0B-42CB-AED9-478AA5700AEB}.Release|Any CPU.ActiveCfg = Release|Any CPU
		{A3AC8713-DC0B-42CB-AED9-478AA5700AEB}.Release|Any CPU.Build.0 = Release|Any CPU
		{A50030E6-0868-44EE-A241-D48BDE8F7266}.Debug|Any CPU.ActiveCfg = Debug|Any CPU
		{A50030E6-0868-44EE-A241-D48BDE8F7266}.Debug|Any CPU.Build.0 = Debug|Any CPU
		{A50030E6-0868-44EE-A241-D48BDE8F7266}.Release|Any CPU.ActiveCfg = Release|Any CPU
		{A50030E6-0868-44EE-A241-D48BDE8F7266}.Release|Any CPU.Build.0 = Release|Any CPU
		{D8EC1AB2-0B10-4FFE-9BC5-566B84D9FC82}.Debug|Any CPU.ActiveCfg = Debug|Any CPU
		{D8EC1AB2-0B10-4FFE-9BC5-566B84D9FC82}.Debug|Any CPU.Build.0 = Debug|Any CPU
		{D8EC1AB2-0B10-4FFE-9BC5-566B84D9FC82}.Release|Any CPU.ActiveCfg = Release|Any CPU
		{D8EC1AB2-0B10-4FFE-9BC5-566B84D9FC82}.Release|Any CPU.Build.0 = Release|Any CPU
		{01D564FE-4378-4B90-95DE-7CA2FAB33A84}.Debug|Any CPU.ActiveCfg = Debug|Any CPU
		{01D564FE-4378-4B90-95DE-7CA2FAB33A84}.Debug|Any CPU.Build.0 = Debug|Any CPU
		{01D564FE-4378-4B90-95DE-7CA2FAB33A84}.Release|Any CPU.ActiveCfg = Release|Any CPU
		{01D564FE-4378-4B90-95DE-7CA2FAB33A84}.Release|Any CPU.Build.0 = Release|Any CPU
		{6EDC7732-1116-4B79-B15E-63633B6EBAE2}.Debug|Any CPU.ActiveCfg = Debug|Any CPU
		{6EDC7732-1116-4B79-B15E-63633B6EBAE2}.Debug|Any CPU.Build.0 = Debug|Any CPU
		{6EDC7732-1116-4B79-B15E-63633B6EBAE2}.Release|Any CPU.ActiveCfg = Release|Any CPU
		{6EDC7732-1116-4B79-B15E-63633B6EBAE2}.Release|Any CPU.Build.0 = Release|Any CPU
	EndGlobalSection
	GlobalSection(SolutionProperties) = preSolution
		HideSolutionNode = FALSE
	EndGlobalSection
	GlobalSection(ExtensibilityGlobals) = postSolution
		SolutionGuid = {5B523499-90F7-4320-B8F9-F6F03ED32DF9}
	EndGlobalSection
EndGlobal
